
Microsoft Visual Studio Solution File, Format Version 12.00
# Visual Studio Version 17
VisualStudioVersion = 17.6.33801.468
MinimumVisualStudioVersion = 10.0.40219.1
Project("{9A19103F-16F7-4668-BE54-9A1E7A4F7556}") = "BerkayRentaCar", "BerkayRentaCar\BerkayRentaCar.csproj", "{1C902639-815C-40C3-83BE-F0883B6C6CF3}"
EndProject
Project("{9A19103F-16F7-4668-BE54-9A1E7A4F7556}") = "BerkayRentaCar.Application", "BerkayRentaCar.Application\BerkayRentaCar.Application.csproj", "{8AEC15E4-E923-4A7D-8B81-BCCAAF2EB934}"
EndProject
Project("{9A19103F-16F7-4668-BE54-9A1E7A4F7556}") = "BerkayRentaCar.Data", "BerkayRentaCar.Data\BerkayRentaCar.Data.csproj", "{F0B0F87B-3175-43B1-A201-0E70F644072B}"
EndProject
Project("{9A19103F-16F7-4668-BE54-9A1E7A4F7556}") = "BerkayRentaCar.Domain", "BerkayRentaCar.Domain\BerkayRentaCar.Domain.csproj", "{5829FED1-14B2-4159-AFA5-8BBC23FC41CA}"
EndProject
Project("{9A19103F-16F7-4668-BE54-9A1E7A4F7556}") = "BerkayRentaCar.Contract", "BerkayRentaCar.Contract\BerkayRentaCar.Contract.csproj", "{9693A654-C806-4AB6-8F00-1790867EDB54}"
EndProject
Project("{9A19103F-16F7-4668-BE54-9A1E7A4F7556}") = "BerkayRentaCar.Common", "BerkayRentaCar.Common\BerkayRentaCar.Common.csproj", "{38EDAC50-6BC6-4F01-9BA4-61778C1FCF27}"
EndProject
Project("{9A19103F-16F7-4668-BE54-9A1E7A4F7556}") = "TnActivationCore.Repository.Mssql", "TnActivationCore.Repository.Mssql\TnActivationCore.Repository.Mssql.csproj", "{62B737E6-87C5-4496-8C4E-47111971257F}"
EndProject
Global
	GlobalSection(SolutionConfigurationPlatforms) = preSolution
		Debug|Any CPU = Debug|Any CPU
		Release|Any CPU = Release|Any CPU
	EndGlobalSection
	GlobalSection(ProjectConfigurationPlatforms) = postSolution
		{1C902639-815C-40C3-83BE-F0883B6C6CF3}.Debug|Any CPU.ActiveCfg = Debug|Any CPU
		{1C902639-815C-40C3-83BE-F0883B6C6CF3}.Debug|Any CPU.Build.0 = Debug|Any CPU
		{1C902639-815C-40C3-83BE-F0883B6C6CF3}.Release|Any CPU.ActiveCfg = Release|Any CPU
		{1C902639-815C-40C3-83BE-F0883B6C6CF3}.Release|Any CPU.Build.0 = Release|Any CPU
		{8AEC15E4-E923-4A7D-8B81-BCCAAF2EB934}.Debug|Any CPU.ActiveCfg = Debug|Any CPU
		{8AEC15E4-E923-4A7D-8B81-BCCAAF2EB934}.Debug|Any CPU.Build.0 = Debug|Any CPU
		{8AEC15E4-E923-4A7D-8B81-BCCAAF2EB934}.Release|Any CPU.ActiveCfg = Release|Any CPU
		{8AEC15E4-E923-4A7D-8B81-BCCAAF2EB934}.Release|Any CPU.Build.0 = Release|Any CPU
		{F0B0F87B-3175-43B1-A201-0E70F644072B}.Debug|Any CPU.ActiveCfg = Debug|Any CPU
		{F0B0F87B-3175-43B1-A201-0E70F644072B}.Debug|Any CPU.Build.0 = Debug|Any CPU
		{F0B0F87B-3175-43B1-A201-0E70F644072B}.Release|Any CPU.ActiveCfg = Release|Any CPU
		{F0B0F87B-3175-43B1-A201-0E70F644072B}.Release|Any CPU.Build.0 = Release|Any CPU
		{5829FED1-14B2-4159-AFA5-8BBC23FC41CA}.Debug|Any CPU.ActiveCfg = Debug|Any CPU
		{5829FED1-14B2-4159-AFA5-8BBC23FC41CA}.Debug|Any CPU.Build.0 = Debug|Any CPU
		{5829FED1-14B2-4159-AFA5-8BBC23FC41CA}.Release|Any CPU.ActiveCfg = Release|Any CPU
		{5829FED1-14B2-4159-AFA5-8BBC23FC41CA}.Release|Any CPU.Build.0 = Release|Any CPU
		{9693A654-C806-4AB6-8F00-1790867EDB54}.Debug|Any CPU.ActiveCfg = Debug|Any CPU
		{9693A654-C806-4AB6-8F00-1790867EDB54}.Debug|Any CPU.Build.0 = Debug|Any CPU
		{9693A654-C806-4AB6-8F00-1790867EDB54}.Release|Any CPU.ActiveCfg = Release|Any CPU
		{9693A654-C806-4AB6-8F00-1790867EDB54}.Release|Any CPU.Build.0 = Release|Any CPU
		{38EDAC50-6BC6-4F01-9BA4-61778C1FCF27}.Debug|Any CPU.ActiveCfg = Debug|Any CPU
		{38EDAC50-6BC6-4F01-9BA4-61778C1FCF27}.Debug|Any CPU.Build.0 = Debug|Any CPU
		{38EDAC50-6BC6-4F01-9BA4-61778C1FCF27}.Release|Any CPU.ActiveCfg = Release|Any CPU
		{38EDAC50-6BC6-4F01-9BA4-61778C1FCF27}.Release|Any CPU.Build.0 = Release|Any CPU
		{62B737E6-87C5-4496-8C4E-47111971257F}.Debug|Any CPU.ActiveCfg = Debug|Any CPU
		{62B737E6-87C5-4496-8C4E-47111971257F}.Debug|Any CPU.Build.0 = Debug|Any CPU
		{62B737E6-87C5-4496-8C4E-47111971257F}.Release|Any CPU.ActiveCfg = Release|Any CPU
		{62B737E6-87C5-4496-8C4E-47111971257F}.Release|Any CPU.Build.0 = Release|Any CPU
	EndGlobalSection
	GlobalSection(SolutionProperties) = preSolution
		HideSolutionNode = FALSE
	EndGlobalSection
	GlobalSection(ExtensibilityGlobals) = postSolution
		SolutionGuid = {010C44A6-D4A8-4A05-A598-103E92EF9D89}
	EndGlobalSection
EndGlobal
